
Microsoft Visual Studio Solution File, Format Version 12.00
# Visual Studio Version 17
VisualStudioVersion = 17.14.36616.10
MinimumVisualStudioVersion = 10.0.40219.1
Project("{FAE04EC0-301F-11D3-BF4B-00C04F79EFBC}") = "Controller", "RobotControl\Controller.csproj", "{E8FBD4D6-ABC4-F34A-BF22-B07E29406D7F}"
EndProject
Project("{FAE04EC0-301F-11D3-BF4B-00C04F79EFBC}") = "RobotControl.Tests", "RobotControl.Tests\RobotControl.Tests.csproj", "{92CAF2AD-A9C2-4AB7-9E0A-126363710215}"
EndProject
Global
	GlobalSection(SolutionConfigurationPlatforms) = preSolution
		Debug|Any CPU = Debug|Any CPU
		Debug|x64 = Debug|x64
		Debug|x86 = Debug|x86
		Release|Any CPU = Release|Any CPU
		Release|x64 = Release|x64
		Release|x86 = Release|x86
	EndGlobalSection
	GlobalSection(ProjectConfigurationPlatforms) = postSolution
		{E8FBD4D6-ABC4-F34A-BF22-B07E29406D7F}.Debug|Any CPU.ActiveCfg = Debug|Any CPU
		{E8FBD4D6-ABC4-F34A-BF22-B07E29406D7F}.Debug|Any CPU.Build.0 = Debug|Any CPU
		{E8FBD4D6-ABC4-F34A-BF22-B07E29406D7F}.Debug|x64.ActiveCfg = Debug|Any CPU
		{E8FBD4D6-ABC4-F34A-BF22-B07E29406D7F}.Debug|x64.Build.0 = Debug|Any CPU
		{E8FBD4D6-ABC4-F34A-BF22-B07E29406D7F}.Debug|x86.ActiveCfg = Debug|Any CPU
		{E8FBD4D6-ABC4-F34A-BF22-B07E29406D7F}.Debug|x86.Build.0 = Debug|Any CPU
		{E8FBD4D6-ABC4-F34A-BF22-B07E29406D7F}.Release|Any CPU.ActiveCfg = Release|Any CPU
		{E8FBD4D6-ABC4-F34A-BF22-B07E29406D7F}.Release|Any CPU.Build.0 = Release|Any CPU
		{E8FBD4D6-ABC4-F34A-BF22-B07E29406D7F}.Release|x64.ActiveCfg = Release|Any CPU
		{E8FBD4D6-ABC4-F34A-BF22-B07E29406D7F}.Release|x64.Build.0 = Release|Any CPU
		{E8FBD4D6-ABC4-F34A-BF22-B07E29406D7F}.Release|x86.ActiveCfg = Release|Any CPU
		{E8FBD4D6-ABC4-F34A-BF22-B07E29406D7F}.Release|x86.Build.0 = Release|Any CPU
		{92CAF2AD-A9C2-4AB7-9E0A-126363710215}.Debug|Any CPU.ActiveCfg = Debug|Any CPU
		{92CAF2AD-A9C2-4AB7-9E0A-126363710215}.Debug|Any CPU.Build.0 = Debug|Any CPU
		{92CAF2AD-A9C2-4AB7-9E0A-126363710215}.Debug|x64.ActiveCfg = Debug|Any CPU
		{92CAF2AD-A9C2-4AB7-9E0A-126363710215}.Debug|x64.Build.0 = Debug|Any CPU
		{92CAF2AD-A9C2-4AB7-9E0A-126363710215}.Debug|x86.ActiveCfg = Debug|Any CPU
		{92CAF2AD-A9C2-4AB7-9E0A-126363710215}.Debug|x86.Build.0 = Debug|Any CPU
		{92CAF2AD-A9C2-4AB7-9E0A-126363710215}.Release|Any CPU.ActiveCfg = Release|Any CPU
		{92CAF2AD-A9C2-4AB7-9E0A-126363710215}.Release|Any CPU.Build.0 = Release|Any CPU
		{92CAF2AD-A9C2-4AB7-9E0A-126363710215}.Release|x64.ActiveCfg = Release|Any CPU
		{92CAF2AD-A9C2-4AB7-9E0A-126363710215}.Release|x64.Build.0 = Release|Any CPU
		{92CAF2AD-A9C2-4AB7-9E0A-126363710215}.Release|x86.ActiveCfg = Release|Any CPU
		{92CAF2AD-A9C2-4AB7-9E0A-126363710215}.Release|x86.Build.0 = Release|Any CPU
	EndGlobalSection
	GlobalSection(SolutionProperties) = preSolution
		HideSolutionNode = FALSE
	EndGlobalSection
	GlobalSection(ExtensibilityGlobals) = postSolution
		SolutionGuid = {6E9D4300-EBCF-4C78-952E-84B9C8AD60C9}
	EndGlobalSection
EndGlobal
